Microsoft Visual Studio Solution File, Format Version 12.00
# Visual Studio Version 17
VisualStudioVersion = 17.14.35806.103
MinimumVisualStudioVersion = 10.0.40219.1
Project("{FAE04EC0-301F-11D3-BF4B-00C04F79EFBC}") = "Maple.DinoTopia.Win", "Maple.DinoTopia.Win\Maple.DinoTopia.Win.csproj", "{22364E36-3C6E-4F0D-8B99-0BCBAF4A1A5F}"
EndProject
Project("{FAE04EC0-301F-11D3-BF4B-00C04F79EFBC}") = "Maple.DinoTopia.Metadata", "Maple.DinoTopia.Metadata\Maple.DinoTopia.Metadata.csproj", "{5650963B-77CA-4B1B-ADB3-7A91A28C9D90}"
EndProject
Global
	GlobalSection(SolutionConfigurationPlatforms) = preSolution
		Debug|Any CPU = Debug|Any CPU
		Release|Any CPU = Release|Any CPU
	EndGlobalSection
	GlobalSection(ProjectConfigurationPlatforms) = postSolution
		{22364E36-3C6E-4F0D-8B99-0BCBAF4A1A5F}.Debug|Any CPU.ActiveCfg = Debug|Any CPU
		{22364E36-3C6E-4F0D-8B99-0BCBAF4A1A5F}.Debug|Any CPU.Build.0 = Debug|Any CPU
		{22364E36-3C6E-4F0D-8B99-0BCBAF4A1A5F}.Release|Any CPU.ActiveCfg = Release|Any CPU
		{22364E36-3C6E-4F0D-8B99-0BCBAF4A1A5F}.Release|Any CPU.Build.0 = Release|Any CPU
		{5650963B-77CA-4B1B-ADB3-7A91A28C9D90}.Debug|Any CPU.ActiveCfg = Debug|Any CPU
		{5650963B-77CA-4B1B-ADB3-7A91A28C9D90}.Debug|Any CPU.Build.0 = Debug|Any CPU
		{5650963B-77CA-4B1B-ADB3-7A91A28C9D90}.Release|Any CPU.ActiveCfg = Release|Any CPU
		{5650963B-77CA-4B1B-ADB3-7A91A28C9D90}.Release|Any CPU.Build.0 = Release|Any CPU
	EndGlobalSection
	GlobalSection(SolutionProperties) = preSolution
		HideSolutionNode = FALSE
	EndGlobalSection
	GlobalSection(ExtensibilityGlobals) = postSolution
		SolutionGuid = {8F8677FE-281A-4C1C-AA85-AB8EAD2BA458}
	EndGlobalSection
EndGlobal
